
Microsoft Visual Studio Solution File, Format Version 12.00
# Visual Studio Version 17
VisualStudioVersion = 17.9.34723.18
MinimumVisualStudioVersion = 10.0.40219.1
Project("{FAE04EC0-301F-11D3-BF4B-00C04F79EFBC}") = "TestApp", "TestApp\TestApp.csproj", "{94635F62-C64B-43D6-B268-E6B38B1CE0A4}"
EndProject
Project("{FAE04EC0-301F-11D3-BF4B-00C04F79EFBC}") = "TestApp.Tests", "TestApp.Tests\TestApp.Tests.csproj", "{932D8F5E-3A10-4172-8448-426B6F52347A}"
EndProject
Global
	GlobalSection(SolutionConfigurationPlatforms) = preSolution
		Debug|Any CPU = Debug|Any CPU
		Release|Any CPU = Release|Any CPU
	EndGlobalSection
	GlobalSection(ProjectConfigurationPlatforms) = postSolution
		{94635F62-C64B-43D6-B268-E6B38B1CE0A4}.Debug|Any CPU.ActiveCfg = Debug|Any CPU
		{94635F62-C64B-43D6-B268-E6B38B1CE0A4}.Debug|Any CPU.Build.0 = Debug|Any CPU
		{94635F62-C64B-43D6-B268-E6B38B1CE0A4}.Release|Any CPU.ActiveCfg = Release|Any CPU
		{94635F62-C64B-43D6-B268-E6B38B1CE0A4}.Release|Any CPU.Build.0 = Release|Any CPU
		{932D8F5E-3A10-4172-8448-426B6F52347A}.Debug|Any CPU.ActiveCfg = Debug|Any CPU
		{932D8F5E-3A10-4172-8448-426B6F52347A}.Debug|Any CPU.Build.0 = Debug|Any CPU
		{932D8F5E-3A10-4172-8448-426B6F52347A}.Release|Any CPU.ActiveCfg = Release|Any CPU
		{932D8F5E-3A10-4172-8448-426B6F52347A}.Release|Any CPU.Build.0 = Release|Any CPU
	EndGlobalSection
	GlobalSection(SolutionProperties) = preSolution
		HideSolutionNode = FALSE
	EndGlobalSection
	GlobalSection(ExtensibilityGlobals) = postSolution
		SolutionGuid = {3A18AC6A-B8BA-4476-8381-F590195E3CE4}
	EndGlobalSection
EndGlobal
