
Microsoft Visual Studio Solution File, Format Version 12.00
# Visual Studio Version 17
VisualStudioVersion = 17.9.34723.18
MinimumVisualStudioVersion = 10.0.40219.1
Project("{FAE04EC0-301F-11D3-BF4B-00C04F79EFBC}") = "TestApp", "TestApp\TestApp.csproj", "{2BFE5189-4E54-48EA-AFBB-960D6F45BFDF}"
EndProject
Project("{FAE04EC0-301F-11D3-BF4B-00C04F79EFBC}") = "TestApp.Tests", "TestApp.Tests\TestApp.Tests.csproj", "{DCC77954-F560-4AED-8660-0A1FAB763119}"
EndProject
Global
	GlobalSection(SolutionConfigurationPlatforms) = preSolution
		Debug|Any CPU = Debug|Any CPU
		Release|Any CPU = Release|Any CPU
	EndGlobalSection
	GlobalSection(ProjectConfigurationPlatforms) = postSolution
		{2BFE5189-4E54-48EA-AFBB-960D6F45BFDF}.Debug|Any CPU.ActiveCfg = Debug|Any CPU
		{2BFE5189-4E54-48EA-AFBB-960D6F45BFDF}.Debug|Any CPU.Build.0 = Debug|Any CPU
		{2BFE5189-4E54-48EA-AFBB-960D6F45BFDF}.Release|Any CPU.ActiveCfg = Release|Any CPU
		{2BFE5189-4E54-48EA-AFBB-960D6F45BFDF}.Release|Any CPU.Build.0 = Release|Any CPU
		{DCC77954-F560-4AED-8660-0A1FAB763119}.Debug|Any CPU.ActiveCfg = Debug|Any CPU
		{DCC77954-F560-4AED-8660-0A1FAB763119}.Debug|Any CPU.Build.0 = Debug|Any CPU
		{DCC77954-F560-4AED-8660-0A1FAB763119}.Release|Any CPU.ActiveCfg = Release|Any CPU
		{DCC77954-F560-4AED-8660-0A1FAB763119}.Release|Any CPU.Build.0 = Release|Any CPU
	EndGlobalSection
	GlobalSection(SolutionProperties) = preSolution
		HideSolutionNode = FALSE
	EndGlobalSection
	GlobalSection(ExtensibilityGlobals) = postSolution
		SolutionGuid = {54EDE0CC-7C18-4CE0-9380-3C4B21DDFE03}
	EndGlobalSection
EndGlobal
