
Microsoft Visual Studio Solution File, Format Version 12.00
# Visual Studio Version 17
VisualStudioVersion = 17.8.34330.188
MinimumVisualStudioVersion = 10.0.40219.1
Project("{FAE04EC0-301F-11D3-BF4B-00C04F79EFBC}") = "TestProject1", "TestProject1\TestProject1.csproj", "{350C0D8B-4920-4CFA-9913-C2A9383517CA}"
EndProject
Global
	GlobalSection(SolutionConfigurationPlatforms) = preSolution
		Debug|Any CPU = Debug|Any CPU
		Release|Any CPU = Release|Any CPU
	EndGlobalSection
	GlobalSection(ProjectConfigurationPlatforms) = postSolution
		{350C0D8B-4920-4CFA-9913-C2A9383517CA}.Debug|Any CPU.ActiveCfg = Debug|Any CPU
		{350C0D8B-4920-4CFA-9913-C2A9383517CA}.Debug|Any CPU.Build.0 = Debug|Any CPU
		{350C0D8B-4920-4CFA-9913-C2A9383517CA}.Release|Any CPU.ActiveCfg = Release|Any CPU
		{350C0D8B-4920-4CFA-9913-C2A9383517CA}.Release|Any CPU.Build.0 = Release|Any CPU
	EndGlobalSection
	GlobalSection(SolutionProperties) = preSolution
		HideSolutionNode = FALSE
	EndGlobalSection
	GlobalSection(ExtensibilityGlobals) = postSolution
		SolutionGuid = {18C7B808-3887-403C-8C71-5A3D37F2D686}
	EndGlobalSection
EndGlobal
